{
  "name": "nodejs-up",
  "version": "1.0.0",
  "lockfileVersion": 1,
  "requires": true,
  "dependencies": {
    "accepts": {
      "version": "1.3.5",
      "resolved": "http://r.cnpmjs.org/accepts/download/accepts-1.3.5.tgz",
      "integrity": "sha1-63d99gEXI6OxTopywIBcjoZ0a9I=",
      "requires": {
        "mime-types": "2.1.18",
        "negotiator": "0.6.1"
      }
    },
    "ajv": {
      "version": "5.5.2",
      "resolved": "http://r.cnpmjs.org/ajv/download/ajv-5.5.2.tgz",
      "integrity": "sha1-c7Xuyj+rZT49P5Qis0GtQiBdyWU=",
      "requires": {
        "co": "4.6.0",
        "fast-deep-equal": "1.1.0",
        "fast-json-stable-stringify": "2.0.0",
        "json-schema-traverse": "0.3.1"
      }
    },
    "array-flatten": {
      "version": "1.1.1",
      "resolved": "http://r.cnpmjs.org/array-flatten/download/array-flatten-1.1.1.tgz",
      "integrity": "sha1-ml9pkFGx5wczKPKgCJaLZOopVdI="
    },
    "asn1": {
      "version": "0.2.3",
      "resolved": "http://r.cnpmjs.org/asn1/download/asn1-0.2.3.tgz",
      "integrity": "sha1-2sh4dxPJlmhJ/IGAd36+nB3fO4Y="
    },
    "assert-plus": {
      "version": "1.0.0",
      "resolved": "http://r.cnpmjs.org/assert-plus/download/assert-plus-1.0.0.tgz",
      "integrity": "sha1-8S4PPF13sLHN2RRpQuTpbB5N1SU="
    },
    "async": {
      "version": "2.6.0",
      "resolved": "http://r.cnpmjs.org/async/download/async-2.6.0.tgz",
      "integrity": "sha1-YaKau2/MAm/qd+VtHG7FOnlZUfQ=",
      "requires": {
        "lodash": "4.17.5"
      }
    },
    "asynckit": {
      "version": "0.4.0",
      "resolved": "http://r.cnpmjs.org/asynckit/download/asynckit-0.4.0.tgz",
      "integrity": "sha1-x57Zf380y48robyXkLzDZkdLS3k="
    },
    "aws-sign2": {
      "version": "0.7.0",
      "resolved": "http://r.cnpmjs.org/aws-sign2/download/aws-sign2-0.7.0.tgz",
      "integrity": "sha1-tG6JCTSpWR8tL2+G1+ap8bP+dqg="
    },
    "aws4": {
      "version": "1.6.0",
      "resolved": "http://r.cnpmjs.org/aws4/download/aws4-1.6.0.tgz",
      "integrity": "sha1-g+9cqGCysy5KDe7e6MdxudtXRx4="
    },
    "baidu-aip-sdk": {
      "version": "2.1.0",
      "resolved": "http://r.cnpmjs.org/baidu-aip-sdk/download/baidu-aip-sdk-2.1.0.tgz",
      "integrity": "sha1-FlpM/iLWGhD39CQ2J1oDmhPPQUI=",
      "requires": {
        "debug": "2.6.9",
        "iconv-lite": "0.4.19",
        "mocha": "4.1.0",
        "request": "2.83.0",
        "should": "13.2.1",
        "underscore": "1.8.3"
      }
    },
    "balanced-match": {
      "version": "1.0.0",
      "resolved": "http://r.cnpmjs.org/balanced-match/download/balanced-match-1.0.0.tgz",
      "integrity": "sha1-ibTRmasr7kneFk6gK4nORi1xt2c=",
      "optional": true
    },
    "bcrypt-pbkdf": {
      "version": "1.0.1",
      "resolved": "http://r.cnpmjs.org/bcrypt-pbkdf/download/bcrypt-pbkdf-1.0.1.tgz",
      "integrity": "sha1-Y7xdy2EzG5K8Bf1SiVPDNGKgb40=",
      "optional": true,
      "requires": {
        "tweetnacl": "0.14.5"
      }
    },
    "body-parser": {
      "version": "1.18.2",
      "resolved": "http://r.cnpmjs.org/body-parser/download/body-parser-1.18.2.tgz",
      "integrity": "sha1-h2eKGdhLR9hZuDGZvVm84iKxBFQ=",
      "requires": {
        "bytes": "3.0.0",
        "content-type": "1.0.4",
        "debug": "2.6.9",
        "depd": "1.1.2",
        "http-errors": "1.6.2",
        "iconv-lite": "0.4.19",
        "on-finished": "2.3.0",
        "qs": "6.5.1",
        "raw-body": "2.3.2",
        "type-is": "1.6.16"
      }
    },
    "boom": {
      "version": "4.3.1",
      "resolved": "http://r.cnpmjs.org/boom/download/boom-4.3.1.tgz",
      "integrity": "sha1-T4owBctKfjiJ90kDD9JbluAdLjE=",
      "requires": {
        "hoek": "4.2.1"
      }
    },
    "brace-expansion": {
      "version": "1.1.11",
      "resolved": "http://r.cnpmjs.org/brace-expansion/download/brace-expansion-1.1.11.tgz",
      "integrity": "sha1-PH/L9SnYcibz0vUrlm/1Jx60Qd0=",
      "optional": true,
      "requires": {
        "balanced-match": "1.0.0",
        "concat-map": "0.0.1"
      }
    },
    "browser-stdout": {
      "version": "1.3.0",
      "resolved": "http://r.cnpmjs.org/browser-stdout/download/browser-stdout-1.3.0.tgz",
      "integrity": "sha1-81HTKWnTL6XXpVZxVCY9korjvR8=",
      "optional": true
    },
    "bytes": {
      "version": "3.0.0",
      "resolved": "http://r.cnpmjs.org/bytes/download/bytes-3.0.0.tgz",
      "integrity": "sha1-0ygVQE1olpn4Wk6k+odV3ROpYEg="
    },
    "caseless": {
      "version": "0.12.0",
      "resolved": "http://r.cnpmjs.org/caseless/download/caseless-0.12.0.tgz",
      "integrity": "sha1-G2gcIf+EAzyCZUMJBolCDRhxUdw="
    },
    "co": {
      "version": "4.6.0",
      "resolved": "http://r.cnpmjs.org/co/download/co-4.6.0.tgz",
      "integrity": "sha1-bqa989hTrlTMuOR7+gvz+QMfsYQ="
    },
    "combined-stream": {
      "version": "1.0.6",
      "resolved": "http://r.cnpmjs.org/combined-stream/download/combined-stream-1.0.6.tgz",
      "integrity": "sha1-cj599ugBrFYTETp+RFqbactjKBg=",
      "requires": {
        "delayed-stream": "1.0.0"
      }
    },
    "commander": {
      "version": "2.11.0",
      "resolved": "http://r.cnpmjs.org/commander/download/commander-2.11.0.tgz",
      "integrity": "sha1-FXFS/R56bI2YpbcVzzdt+SgARWM=",
      "optional": true
    },
    "concat-map": {
      "version": "0.0.1",
      "resolved": "http://r.cnpmjs.org/concat-map/download/concat-map-0.0.1.tgz",
      "integrity": "sha1-2Klr13/Wjfd5OnMDajug1UBdR3s=",
      "optional": true
    },
    "content-disposition": {
      "version": "0.5.2",
      "resolved": "http://r.cnpmjs.org/content-disposition/download/content-disposition-0.5.2.tgz",
      "integrity": "sha1-DPaLud318r55YcOoUXjLhdunjLQ="
    },
    "content-type": {
      "version": "1.0.4",
      "resolved": "http://r.cnpmjs.org/content-type/download/content-type-1.0.4.tgz",
      "integrity": "sha1-4TjMdeBAxyexlm/l5fjJruJW/js="
    },
    "cookie": {
      "version": "0.3.1",
      "resolved": "http://r.cnpmjs.org/cookie/download/cookie-0.3.1.tgz",
      "integrity": "sha1-5+Ch+e9DtMi6klxcWpboBtFoc7s="
    },
    "cookie-signature": {
      "version": "1.0.6",
      "resolved": "http://r.cnpmjs.org/cookie-signature/download/cookie-signature-1.0.6.tgz",
      "integrity": "sha1-4wOogrNCzD7oylE6eZmXNNqzriw="
    },
    "core-util-is": {
      "version": "1.0.2",
      "resolved": "http://r.cnpmjs.org/core-util-is/download/core-util-is-1.0.2.tgz",
      "integrity": "sha1-tf1UIgqivFq1eqtxQMlAdUUDwac="
    },
    "cryptiles": {
      "version": "3.1.2",
      "resolved": "http://r.cnpmjs.org/cryptiles/download/cryptiles-3.1.2.tgz",
      "integrity": "sha1-qJ+7Ig9c4l7FboxKqKT9e1sNKf4=",
      "requires": {
        "boom": "5.2.0"
      },
      "dependencies": {
        "boom": {
          "version": "5.2.0",
          "resolved": "http://r.cnpmjs.org/boom/download/boom-5.2.0.tgz",
          "integrity": "sha1-XdnabuOl8wIHdDYpDLcX0/SlTgI=",
          "requires": {
            "hoek": "4.2.1"
          }
        }
      }
    },
    "dashdash": {
      "version": "1.14.1",
      "resolved": "http://r.cnpmjs.org/dashdash/download/dashdash-1.14.1.tgz",
      "integrity": "sha1-hTz6D3y+L+1d4gMmuN1YEDX24vA=",
      "requires": {
        "assert-plus": "1.0.0"
      }
    },
    "debug": {
      "version": "2.6.9",
      "resolved": "http://r.cnpmjs.org/debug/download/debug-2.6.9.tgz",
      "integrity": "sha1-XRKFFd8TT/Mn6QpMk/Tgd6U2NB8=",
      "requires": {
        "ms": "2.0.0"
      }
    },
    "delayed-stream": {
      "version": "1.0.0",
      "resolved": "http://r.cnpmjs.org/delayed-stream/download/delayed-stream-1.0.0.tgz",
      "integrity": "sha1-3zrhmayt+31ECqrgsp4icrJOxhk="
    },
    "depd": {
      "version": "1.1.2",
      "resolved": "http://r.cnpmjs.org/depd/download/depd-1.1.2.tgz",
      "integrity": "sha1-m81S4UwJd2PnSbJ0xDRu0uVgtak="
    },
    "destroy": {
      "version": "1.0.4",
      "resolved": "http://r.cnpmjs.org/destroy/download/destroy-1.0.4.tgz",
      "integrity": "sha1-l4hXRCxEdJ5CBmE+N5RiBYJqvYA="
    },
    "diff": {
      "version": "3.3.1",
      "resolved": "http://r.cnpmjs.org/diff/download/diff-3.3.1.tgz",
      "integrity": "sha1-qoVnpu7QPFMfyJ0/cRzQ5SWd7HU=",
      "optional": true
    },
    "ecc-jsbn": {
      "version": "0.1.1",
      "resolved": "http://r.cnpmjs.org/ecc-jsbn/download/ecc-jsbn-0.1.1.tgz",
      "integrity": "sha1-D8c6ntXw1Tw4GTOYUj735UN3dQU=",
      "optional": true,
      "requires": {
        "jsbn": "0.1.1"
      }
    },
    "ee-first": {
      "version": "1.1.1",
      "resolved": "http://r.cnpmjs.org/ee-first/download/ee-first-1.1.1.tgz",
      "integrity": "sha1-WQxhFWsK4vTwJVcyoViyZrxWsh0="
    },
    "encodeurl": {
      "version": "1.0.2",
      "resolved": "http://r.cnpmjs.org/encodeurl/download/encodeurl-1.0.2.tgz",
      "integrity": "sha1-rT/0yG7C0CkyL1oCw6mmBslbP1k="
    },
    "escape-html": {
      "version": "1.0.3",
      "resolved": "http://r.cnpmjs.org/escape-html/download/escape-html-1.0.3.tgz",
      "integrity": "sha1-Aljq5NPQwJdN4cFpGI7wBR0dGYg="
    },
    "escape-string-regexp": {
      "version": "1.0.5",
      "resolved": "http://r.cnpmjs.org/escape-string-regexp/download/escape-string-regexp-1.0.5.tgz",
      "integrity": "sha1-G2HAViGQqN/2rjuyzwIAyhMLhtQ=",
      "optional": true
    },
    "etag": {
      "version": "1.8.1",
      "resolved": "http://r.cnpmjs.org/etag/download/etag-1.8.1.tgz",
      "integrity": "sha1-Qa4u62XvpiJorr/qg6x9eSmbCIc="
    },
    "express": {
      "version": "4.16.2",
      "resolved": "http://r.cnpmjs.org/express/download/express-4.16.2.tgz",
      "integrity": "sha1-41xt/i1kt9ygpc1PIXgb4ymeB2w=",
      "requires": {
        "accepts": "1.3.5",
        "array-flatten": "1.1.1",
        "body-parser": "1.18.2",
        "content-disposition": "0.5.2",
        "content-type": "1.0.4",
        "cookie": "0.3.1",
        "cookie-signature": "1.0.6",
        "debug": "2.6.9",
        "depd": "1.1.2",
        "encodeurl": "1.0.2",
        "escape-html": "1.0.3",
        "etag": "1.8.1",
        "finalhandler": "1.1.0",
        "fresh": "0.5.2",
        "merge-descriptors": "1.0.1",
        "methods": "1.1.2",
        "on-finished": "2.3.0",
        "parseurl": "1.3.2",
        "path-to-regexp": "0.1.7",
        "proxy-addr": "2.0.3",
        "qs": "6.5.1",
        "range-parser": "1.2.0",
        "safe-buffer": "5.1.1",
        "send": "0.16.1",
        "serve-static": "1.13.1",
        "setprototypeof": "1.1.0",
        "statuses": "1.3.1",
        "type-is": "1.6.16",
        "utils-merge": "1.0.1",
        "vary": "1.1.2"
      }
    },
    "extend": {
      "version": "3.0.1",
      "resolved": "http://r.cnpmjs.org/extend/download/extend-3.0.1.tgz",
      "integrity": "sha1-p1Xqe8Gt/MWjHOfnYtuq3F5jZEQ="
    },
    "extsprintf": {
      "version": "1.3.0",
      "resolved": "http://r.cnpmjs.org/extsprintf/download/extsprintf-1.3.0.tgz",
      "integrity": "sha1-lpGEQOMEGnpBT4xS48V06zw+HgU="
    },
    "fast-deep-equal": {
      "version": "1.1.0",
      "resolved": "http://r.cnpmjs.org/fast-deep-equal/download/fast-deep-equal-1.1.0.tgz",
      "integrity": "sha1-wFNHeBfIa1HaqFPIHgWbcz0CNhQ="
    },
    "fast-json-stable-stringify": {
      "version": "2.0.0",
      "resolved": "http://r.cnpmjs.org/fast-json-stable-stringify/download/fast-json-stable-stringify-2.0.0.tgz",
      "integrity": "sha1-1RQsDK7msRifh9OnYREGT4bIu/I="
    },
    "fd-slicer": {
      "version": "1.0.1",
      "resolved": "http://r.cnpmjs.org/fd-slicer/download/fd-slicer-1.0.1.tgz",
      "integrity": "sha1-i1vL2ewyfFBBv5qwI/1nUPEXfmU=",
      "requires": {
        "pend": "1.2.0"
      }
    },
    "finalhandler": {
      "version": "1.1.0",
      "resolved": "http://r.cnpmjs.org/finalhandler/download/finalhandler-1.1.0.tgz",
      "integrity": "sha1-zgtoVbRYU+eRsvzGgARtiCU91/U=",
      "requires": {
        "debug": "2.6.9",
        "encodeurl": "1.0.2",
        "escape-html": "1.0.3",
        "on-finished": "2.3.0",
        "parseurl": "1.3.2",
        "statuses": "1.3.1",
        "unpipe": "1.0.0"
      }
    },
    "fluent-ffmpeg": {
      "version": "2.1.2",
      "resolved": "http://r.cnpmjs.org/fluent-ffmpeg/download/fluent-ffmpeg-2.1.2.tgz",
      "integrity": "sha1-yVLeIkD4EuvaCqgAbXd27irPfXQ=",
      "requires": {
        "async": "2.6.0",
        "which": "1.3.0"
      }
    },
    "forever-agent": {
      "version": "0.6.1",
      "resolved": "http://r.cnpmjs.org/forever-agent/download/forever-agent-0.6.1.tgz",
      "integrity": "sha1-+8cfDEGt6zf5bFd60e1C2P2sypE="
    },
    "form-data": {
      "version": "2.3.2",
      "resolved": "http://r.cnpmjs.org/form-data/download/form-data-2.3.2.tgz",
      "integrity": "sha1-SXBJi+YEwgwAXU9cI67NIda0kJk=",
      "requires": {
        "asynckit": "0.4.0",
        "combined-stream": "1.0.6",
        "mime-types": "2.1.18"
      }
    },
    "forwarded": {
      "version": "0.1.2",
      "resolved": "http://r.cnpmjs.org/forwarded/download/forwarded-0.1.2.tgz",
      "integrity": "sha1-mMI9qxF1ZXuMBXPozszZGw/xjIQ="
    },
    "fresh": {
      "version": "0.5.2",
      "resolved": "http://r.cnpmjs.org/fresh/download/fresh-0.5.2.tgz",
      "integrity": "sha1-PYyt2Q2XZWn6g1qx+OSyOhBWBac="
    },
    "fs.realpath": {
      "version": "1.0.0",
      "resolved": "http://r.cnpmjs.org/fs.realpath/download/fs.realpath-1.0.0.tgz",
      "integrity": "sha1-FQStJSMVjKpA20onh8sBQRmU6k8=",
      "optional": true
    },
    "getpass": {
      "version": "0.1.7",
      "resolved": "http://r.cnpmjs.org/getpass/download/getpass-0.1.7.tgz",
      "integrity": "sha1-Xv+OPmhNVprkyysSgmBOi6YhSfo=",
      "requires": {
        "assert-plus": "1.0.0"
      }
    },
    "glob": {
      "version": "7.1.2",
      "resolved": "http://r.cnpmjs.org/glob/download/glob-7.1.2.tgz",
      "integrity": "sha1-wZyd+aAocC1nhhI4SmVSQExjbRU=",
      "optional": true,
      "requires": {
        "fs.realpath": "1.0.0",
        "inflight": "1.0.6",
        "inherits": "2.0.3",
        "minimatch": "3.0.4",
        "once": "1.4.0",
        "path-is-absolute": "1.0.1"
      }
    },
    "growl": {
      "version": "1.10.3",
      "resolved": "http://r.cnpmjs.org/growl/download/growl-1.10.3.tgz",
      "integrity": "sha1-GSa6kM8+3+KttJJ/WIC8IsZseQ8=",
      "optional": true
    },
    "har-schema": {
      "version": "2.0.0",
      "resolved": "http://r.cnpmjs.org/har-schema/download/har-schema-2.0.0.tgz",
      "integrity": "sha1-qUwiJOvKwEeCoNkDVSHyRzW37JI="
    },
    "har-validator": {
      "version": "5.0.3",
      "resolved": "http://r.cnpmjs.org/har-validator/download/har-validator-5.0.3.tgz",
      "integrity": "sha1-ukAsJmGU8VlW7xXg/PJCmT9qff0=",
      "requires": {
        "ajv": "5.5.2",
        "har-schema": "2.0.0"
      }
    },
    "has-flag": {
      "version": "2.0.0",
      "resolved": "http://r.cnpmjs.org/has-flag/download/has-flag-2.0.0.tgz",
      "integrity": "sha1-6CB68cx7MNRGzHC3NLXovhj4jVE=",
      "optional": true
    },
    "hawk": {
      "version": "6.0.2",
      "resolved": "http://r.cnpmjs.org/hawk/download/hawk-6.0.2.tgz",
      "integrity": "sha1-r02RTrBl+bXOTZ0RwcshJu7MMDg=",
      "requires": {
        "boom": "4.3.1",
        "cryptiles": "3.1.2",
        "hoek": "4.2.1",
        "sntp": "2.1.0"
      }
    },
    "he": {
      "version": "1.1.1",
      "resolved": "http://r.cnpmjs.org/he/download/he-1.1.1.tgz",
      "integrity": "sha1-k0EP0hsAlzUVH4howvJx80J+I/0=",
      "optional": true
    },
    "hoek": {
      "version": "4.2.1",
      "resolved": "http://r.cnpmjs.org/hoek/download/hoek-4.2.1.tgz",
      "integrity": "sha1-ljRQKqEsRF3Vp8VzS1cruHOKrLs="
    },
    "http-errors": {
      "version": "1.6.2",
      "resolved": "http://r.cnpmjs.org/http-errors/download/http-errors-1.6.2.tgz",
      "integrity": "sha1-CgAsyFcHGSp+eUbO7cERVfYOxzY=",
      "requires": {
        "depd": "1.1.1",
        "inherits": "2.0.3",
        "setprototypeof": "1.0.3",
        "statuses": "1.3.1"
      },
      "dependencies": {
        "depd": {
          "version": "1.1.1",
          "resolved": "http://r.cnpmjs.org/depd/download/depd-1.1.1.tgz",
          "integrity": "sha1-V4O04cRZ8G+lyif5kfPQbnoxA1k="
        },
        "setprototypeof": {
          "version": "1.0.3",
          "resolved": "http://r.cnpmjs.org/setprototypeof/download/setprototypeof-1.0.3.tgz",
          "integrity": "sha1-ZlZ+NwQ+608E2RvWWMDL77VbjgQ="
        }
      }
    },
    "http-signature": {
      "version": "1.2.0",
      "resolved": "http://r.cnpmjs.org/http-signature/download/http-signature-1.2.0.tgz",
      "integrity": "sha1-muzZJRFHcvPZW2WmCruPfBj7rOE=",
      "requires": {
        "assert-plus": "1.0.0",
        "jsprim": "1.4.1",
        "sshpk": "1.13.1"
      }
    },
    "iconv-lite": {
      "version": "0.4.19",
      "resolved": "http://r.cnpmjs.org/iconv-lite/download/iconv-lite-0.4.19.tgz",
      "integrity": "sha1-90aPYBNfXl2tM5nAqBvpoWA6CCs="
    },
    "inflight": {
      "version": "1.0.6",
      "resolved": "http://r.cnpmjs.org/inflight/download/inflight-1.0.6.tgz",
      "integrity": "sha1-Sb1jMdfQLQwJvJEKEHW6gWW1bfk=",
      "optional": true,
      "requires": {
        "once": "1.4.0",
        "wrappy": "1.0.2"
      }
    },
    "inherits": {
      "version": "2.0.3",
      "resolved": "http://r.cnpmjs.org/inherits/download/inherits-2.0.3.tgz",
      "integrity": "sha1-Yzwsg+PaQqUC9SRmAiSA9CCCYd4="
    },
    "ipaddr.js": {
      "version": "1.6.0",
      "resolved": "http://r.cnpmjs.org/ipaddr.js/download/ipaddr.js-1.6.0.tgz",
      "integrity": "sha1-4/o1e3c9phnybpXwSdBVxyeW+Gs="
    },
    "is-typedarray": {
      "version": "1.0.0",
      "resolved": "http://r.cnpmjs.org/is-typedarray/download/is-typedarray-1.0.0.tgz",
      "integrity": "sha1-5HnICFjfDBsR3dppQPlgEfzaSpo="
    },
    "isexe": {
      "version": "2.0.0",
      "resolved": "http://r.cnpmjs.org/isexe/download/isexe-2.0.0.tgz",
      "integrity": "sha1-6PvzdNxVb/iUehDcsFctYz8s+hA="
    },
    "isstream": {
      "version": "0.1.2",
      "resolved": "http://r.cnpmjs.org/isstream/download/isstream-0.1.2.tgz",
      "integrity": "sha1-R+Y/evVa+m+S4VAOaQ64uFKcCZo="
    },
    "jsbn": {
      "version": "0.1.1",
      "resolved": "http://r.cnpmjs.org/jsbn/download/jsbn-0.1.1.tgz",
      "integrity": "sha1-peZUwuWi3rXyAdls77yoDA7y9RM=",
      "optional": true
    },
    "json-schema": {
      "version": "0.2.3",
      "resolved": "http://r.cnpmjs.org/json-schema/download/json-schema-0.2.3.tgz",
      "integrity": "sha1-tIDIkuWaLwWVTOcnvT8qTogvnhM="
    },
    "json-schema-traverse": {
      "version": "0.3.1",
      "resolved": "http://r.cnpmjs.org/json-schema-traverse/download/json-schema-traverse-0.3.1.tgz",
      "integrity": "sha1-NJptRMU6Ud6JtAgFxdXlm0F9M0A="
    },
    "json-stringify-safe": {
      "version": "5.0.1",
      "resolved": "http://r.cnpmjs.org/json-stringify-safe/download/json-stringify-safe-5.0.1.tgz",
      "integrity": "sha1-Epai1Y/UXxmg9s4B1lcB4sc1tus="
    },
    "jsprim": {
      "version": "1.4.1",
      "resolved": "http://r.cnpmjs.org/jsprim/download/jsprim-1.4.1.tgz",
      "integrity": "sha1-MT5mvB5cwG5Di8G3SZwuXFastqI=",
      "requires": {
        "assert-plus": "1.0.0",
        "extsprintf": "1.3.0",
        "json-schema": "0.2.3",
        "verror": "1.10.0"
      }
    },
    "lodash": {
      "version": "4.17.5",
      "resolved": "http://r.cnpmjs.org/lodash/download/lodash-4.17.5.tgz",
      "integrity": "sha1-maktZcAnLevoyWtgV7yPv6O+1RE="
    },
    "media-typer": {
      "version": "0.3.0",
      "resolved": "http://r.cnpmjs.org/media-typer/download/media-typer-0.3.0.tgz",
      "integrity": "sha1-hxDXrwqmJvj/+hzgAWhUUmMlV0g="
    },
    "merge-descriptors": {
      "version": "1.0.1",
      "resolved": "http://r.cnpmjs.org/merge-descriptors/download/merge-descriptors-1.0.1.tgz",
      "integrity": "sha1-sAqqVW3YtEVoFQ7J0blT8/kMu2E="
    },
    "methods": {
      "version": "1.1.2",
      "resolved": "http://r.cnpmjs.org/methods/download/methods-1.1.2.tgz",
      "integrity": "sha1-VSmk1nZUE07cxSZmVoNbD4Ua/O4="
    },
    "mime": {
      "version": "1.4.1",
      "resolved": "http://r.cnpmjs.org/mime/download/mime-1.4.1.tgz",
      "integrity": "sha1-Eh+evEnjdm8xGnbh+hyAA8SwOqY="
    },
    "mime-db": {
      "version": "1.33.0",
      "resolved": "http://r.cnpmjs.org/mime-db/download/mime-db-1.33.0.tgz",
      "integrity": "sha1-o0kgUKXLm2NFBUHjnZeI0icng9s="
    },
    "mime-types": {
      "version": "2.1.18",
      "resolved": "http://r.cnpmjs.org/mime-types/download/mime-types-2.1.18.tgz",
      "integrity": "sha1-bzI/YKg9ERRvgx/xH9ZuL+VQO7g=",
      "requires": {
        "mime-db": "1.33.0"
      }
    },
    "minimatch": {
      "version": "3.0.4",
      "resolved": "http://r.cnpmjs.org/minimatch/download/minimatch-3.0.4.tgz",
      "integrity": "sha1-UWbihkV/AzBgZL5Ul+jbsMPTIIM=",
      "optional": true,
      "requires": {
        "brace-expansion": "1.1.11"
      }
    },
    "minimist": {
      "version": "0.0.8",
      "resolved": "http://r.cnpmjs.org/minimist/download/minimist-0.0.8.tgz",
      "integrity": "sha1-hX/Kv8M5fSYluCKCYuhqp6ARsF0=",
      "optional": true
    },
    "mkdirp": {
      "version": "0.5.1",
      "resolved": "http://r.cnpmjs.org/mkdirp/download/mkdirp-0.5.1.tgz",
      "integrity": "sha1-MAV0OOrGz3+MR2fzhkjWaX11yQM=",
      "optional": true,
      "requires": {
        "minimist": "0.0.8"
      }
    },
    "mocha": {
      "version": "4.1.0",
      "resolved": "http://r.cnpmjs.org/mocha/download/mocha-4.1.0.tgz",
      "integrity": "sha1-fYbPvPNcuCnidUwy4XNV7AUzh5Q=",
      "optional": true,
      "requires": {
        "browser-stdout": "1.3.0",
        "commander": "2.11.0",
        "debug": "3.1.0",
        "diff": "3.3.1",
        "escape-string-regexp": "1.0.5",
        "glob": "7.1.2",
        "growl": "1.10.3",
        "he": "1.1.1",
        "mkdirp": "0.5.1",
        "supports-color": "4.4.0"
      },
      "dependencies": {
        "debug": {
          "version": "3.1.0",
          "resolved": "http://r.cnpmjs.org/debug/download/debug-3.1.0.tgz",
          "integrity": "sha1-W7WgZyYotkFJVmuhaBnmFRjGcmE=",
          "optional": true,
          "requires": {
            "ms": "2.0.0"
          }
        }
      }
    },
    "ms": {
      "version": "2.0.0",
      "resolved": "http://r.cnpmjs.org/ms/download/ms-2.0.0.tgz",
      "integrity": "sha1-VgiurfwAvmwpAd9fmGF4jeDVl8g="
    },
    "multiparty": {
      "version": "4.1.3",
      "resolved": "http://r.cnpmjs.org/multiparty/download/multiparty-4.1.3.tgz",
      "integrity": "sha1-PEPH/LGJbhdGBDap3Qtu8WaOT5Q=",
      "requires": {
        "fd-slicer": "1.0.1"
      }
    },
    "negotiator": {
      "version": "0.6.1",
      "resolved": "http://r.cnpmjs.org/negotiator/download/negotiator-0.6.1.tgz",
      "integrity": "sha1-KzJxhOiZIQEXeyhWP7XnECrNDKk="
    },
    "oauth-sign": {
      "version": "0.8.2",
      "resolved": "http://r.cnpmjs.org/oauth-sign/download/oauth-sign-0.8.2.tgz",
      "integrity": "sha1-Rqarfwrq2N6unsBWV4C31O/rnUM="
    },
    "on-finished": {
      "version": "2.3.0",
      "resolved": "http://r.cnpmjs.org/on-finished/download/on-finished-2.3.0.tgz",
      "integrity": "sha1-IPEzZIGwg811M3mSoWlxqi2QaUc=",
      "requires": {
        "ee-first": "1.1.1"
      }
    },
    "once": {
      "version": "1.4.0",
      "resolved": "http://r.cnpmjs.org/once/download/once-1.4.0.tgz",
      "integrity": "sha1-WDsap3WWHUsROsF9nFC6753Xa9E=",
      "requires": {
        "wrappy": "1.0.2"
      }
    },
    "parseurl": {
      "version": "1.3.2",
      "resolved": "http://r.cnpmjs.org/parseurl/download/parseurl-1.3.2.tgz",
      "integrity": "sha1-/CidTtiZMRlGDBViUyYs3I3mW/M="
    },
    "path-is-absolute": {
      "version": "1.0.1",
      "resolved": "http://r.cnpmjs.org/path-is-absolute/download/path-is-absolute-1.0.1.tgz",
      "integrity": "sha1-F0uSaHNVNP+8es5r9TpanhtcX18=",
      "optional": true
    },
    "path-to-regexp": {
      "version": "0.1.7",
      "resolved": "http://r.cnpmjs.org/path-to-regexp/download/path-to-regexp-0.1.7.tgz",
      "integrity": "sha1-32BBeABfUi8V60SQ5yR6G/qmf4w="
    },
    "pend": {
      "version": "1.2.0",
      "resolved": "http://r.cnpmjs.org/pend/download/pend-1.2.0.tgz",
      "integrity": "sha1-elfrVQpng/kRUzH89GY9XI4AelA="
    },
    "performance-now": {
      "version": "2.1.0",
      "resolved": "http://r.cnpmjs.org/performance-now/download/performance-now-2.1.0.tgz",
      "integrity": "sha1-Ywn04OX6kT7BxpMHrjZLSzd8nns="
    },
    "proxy-addr": {
      "version": "2.0.3",
      "resolved": "http://r.cnpmjs.org/proxy-addr/download/proxy-addr-2.0.3.tgz",
      "integrity": "sha1-NV8mJQWmIWRrMTCnKOtkfiIFU0E=",
      "requires": {
        "forwarded": "0.1.2",
        "ipaddr.js": "1.6.0"
      }
    },
    "punycode": {
      "version": "1.4.1",
      "resolved": "http://r.cnpmjs.org/punycode/download/punycode-1.4.1.tgz",
      "integrity": "sha1-wNWmOycYgArY4esPpSachN1BhF4="
    },
    "qs": {
      "version": "6.5.1",
      "resolved": "http://r.cnpmjs.org/qs/download/qs-6.5.1.tgz",
      "integrity": "sha1-NJzfbu+J7EXBLX1es/wMhwNDptg="
    },
    "range-parser": {
      "version": "1.2.0",
      "resolved": "http://r.cnpmjs.org/range-parser/download/range-parser-1.2.0.tgz",
      "integrity": "sha1-9JvmtIeJTdxA3MlKMi9hEJLgDV4="
    },
    "raw-body": {
      "version": "2.3.2",
      "resolved": "http://r.cnpmjs.org/raw-body/download/raw-body-2.3.2.tgz",
      "integrity": "sha1-vNYMd9Prk83gBQKVw/N5OJvIj4k=",
      "requires": {
        "bytes": "3.0.0",
        "http-errors": "1.6.2",
        "iconv-lite": "0.4.19",
        "unpipe": "1.0.0"
      }
    },
    "request": {
      "version": "2.83.0",
      "resolved": "http://r.cnpmjs.org/request/download/request-2.83.0.tgz",
      "integrity": "sha1-ygtl2gLtYpNYh4COb1EDgQNOM1Y=",
      "requires": {
        "aws-sign2": "0.7.0",
        "aws4": "1.6.0",
        "caseless": "0.12.0",
        "combined-stream": "1.0.6",
        "extend": "3.0.1",
        "forever-agent": "0.6.1",
        "form-data": "2.3.2",
        "har-validator": "5.0.3",
        "hawk": "6.0.2",
        "http-signature": "1.2.0",
        "is-typedarray": "1.0.0",
        "isstream": "0.1.2",
        "json-stringify-safe": "5.0.1",
        "mime-types": "2.1.18",
        "oauth-sign": "0.8.2",
        "performance-now": "2.1.0",
        "qs": "6.5.1",
        "safe-buffer": "5.1.1",
        "stringstream": "0.0.5",
        "tough-cookie": "2.3.4",
        "tunnel-agent": "0.6.0",
        "uuid": "3.2.1"
      }
    },
    "safe-buffer": {
      "version": "5.1.1",
      "resolved": "http://r.cnpmjs.org/safe-buffer/download/safe-buffer-5.1.1.tgz",
      "integrity": "sha1-iTMSr2myEj3vcfV4iQAWce6yyFM="
    },
    "send": {
      "version": "0.16.1",
      "resolved": "http://r.cnpmjs.org/send/download/send-0.16.1.tgz",
      "integrity": "sha1-pw4coh0TgsEdDZ9iMd6ygQgNerM=",
      "requires": {
        "debug": "2.6.9",
        "depd": "1.1.2",
        "destroy": "1.0.4",
        "encodeurl": "1.0.2",
        "escape-html": "1.0.3",
        "etag": "1.8.1",
        "fresh": "0.5.2",
        "http-errors": "1.6.2",
        "mime": "1.4.1",
        "ms": "2.0.0",
        "on-finished": "2.3.0",
        "range-parser": "1.2.0",
        "statuses": "1.3.1"
      }
    },
    "serve-static": {
      "version": "1.13.1",
      "resolved": "http://r.cnpmjs.org/serve-static/download/serve-static-1.13.1.tgz",
      "integrity": "sha1-TFfVNASnYdjy58HooYpH2/J4pxk=",
      "requires": {
        "encodeurl": "1.0.2",
        "escape-html": "1.0.3",
        "parseurl": "1.3.2",
        "send": "0.16.1"
      }
    },
    "setprototypeof": {
      "version": "1.1.0",
      "resolved": "http://r.cnpmjs.org/setprototypeof/download/setprototypeof-1.1.0.tgz",
      "integrity": "sha1-0L2FU2iHtv58DYGMuWLZ2RxU5lY="
    },
    "should": {
      "version": "13.2.1",
      "resolved": "http://r.cnpmjs.org/should/download/should-13.2.1.tgz",
      "integrity": "sha1-hObr+7FFx54K5CMHsls/YtyvV04=",
      "optional": true,
      "requires": {
        "should-equal": "2.0.0",
        "should-format": "3.0.3",
        "should-type": "1.4.0",
        "should-type-adaptors": "1.1.0",
        "should-util": "1.0.0"
      }
    },
    "should-equal": {
      "version": "2.0.0",
      "resolved": "http://r.cnpmjs.org/should-equal/download/should-equal-2.0.0.tgz",
      "integrity": "sha1-YHLPgwRzYIZ+aOmLCdcRQ9BO4MM=",
      "optional": true,
      "requires": {
        "should-type": "1.4.0"
      }
    },
    "should-format": {
      "version": "3.0.3",
      "resolved": "http://r.cnpmjs.org/should-format/download/should-format-3.0.3.tgz",
      "integrity": "sha1-m/yPdPo5IFxT04w01xcwPidxJPE=",
      "optional": true,
      "requires": {
        "should-type": "1.4.0",
        "should-type-adaptors": "1.1.0"
      }
    },
    "should-type": {
      "version": "1.4.0",
      "resolved": "http://r.cnpmjs.org/should-type/download/should-type-1.4.0.tgz",
      "integrity": "sha1-B1bYzoRt/QmEOmlHcZ36DUz/XPM="
    },
    "should-type-adaptors": {
      "version": "1.1.0",
      "resolved": "http://r.cnpmjs.org/should-type-adaptors/download/should-type-adaptors-1.1.0.tgz",
      "integrity": "sha1-QB5/M7VTMDOUTVzYvytlAneS4no=",
      "requires": {
        "should-type": "1.4.0",
        "should-util": "1.0.0"
      }
    },
    "should-util": {
      "version": "1.0.0",
      "resolved": "http://r.cnpmjs.org/should-util/download/should-util-1.0.0.tgz",
      "integrity": "sha1-yYzaN0qmsZDfi6h8mInCtNtiAGM="
    },
    "sntp": {
      "version": "2.1.0",
      "resolved": "http://r.cnpmjs.org/sntp/download/sntp-2.1.0.tgz",
      "integrity": "sha1-LGzsFP7cIiJznK+bXD2F0cxaLMg=",
      "requires": {
        "hoek": "4.2.1"
      }
    },
    "sshpk": {
      "version": "1.13.1",
      "resolved": "http://r.cnpmjs.org/sshpk/download/sshpk-1.13.1.tgz",
      "integrity": "sha1-US322mKHFEMW3EwY/hzx2UBzm+M=",
      "requires": {
        "asn1": "0.2.3",
        "assert-plus": "1.0.0",
        "bcrypt-pbkdf": "1.0.1",
        "dashdash": "1.14.1",
        "ecc-jsbn": "0.1.1",
        "getpass": "0.1.7",
        "jsbn": "0.1.1",
        "tweetnacl": "0.14.5"
      }
    },
    "statuses": {
      "version": "1.3.1",
      "resolved": "http://r.cnpmjs.org/statuses/download/statuses-1.3.1.tgz",
      "integrity": "sha1-+vUbnrdKrvOzrPStX2Gr8ky3uT4="
    },
    "stringstream": {
      "version": "0.0.5",
      "resolved": "http://r.cnpmjs.org/stringstream/download/stringstream-0.0.5.tgz",
      "integrity": "sha1-TkhM1N5aC7vuGORjB3EKioFiGHg="
    },
    "supports-color": {
      "version": "4.4.0",
      "resolved": "http://r.cnpmjs.org/supports-color/download/supports-color-4.4.0.tgz",
      "integrity": "sha1-iD992rwWUUKyphQn8zUt7RldGj4=",
      "optional": true,
      "requires": {
        "has-flag": "2.0.0"
      }
    },
    "tough-cookie": {
      "version": "2.3.4",
      "resolved": "http://r.cnpmjs.org/tough-cookie/download/tough-cookie-2.3.4.tgz",
      "integrity": "sha1-7GDO44rGdQY//JelwYlwV47oNlU=",
      "requires": {
        "punycode": "1.4.1"
      }
    },
    "tunnel-agent": {
      "version": "0.6.0",
      "resolved": "http://r.cnpmjs.org/tunnel-agent/download/tunnel-agent-0.6.0.tgz",
      "integrity": "sha1-J6XeoGs2sEoKmWZ3SykIaPD8QP0=",
      "requires": {
        "safe-buffer": "5.1.1"
      }
    },
    "tweetnacl": {
      "version": "0.14.5",
      "resolved": "http://r.cnpmjs.org/tweetnacl/download/tweetnacl-0.14.5.tgz",
      "integrity": "sha1-WuaBd/GS1EViadEIr6k/+HQ/T2Q=",
      "optional": true
    },
    "type-is": {
      "version": "1.6.16",
      "resolved": "http://r.cnpmjs.org/type-is/download/type-is-1.6.16.tgz",
      "integrity": "sha1-+JzjQVQcZysl7nrjxz3uOyvlAZQ=",
      "requires": {
        "media-typer": "0.3.0",
        "mime-types": "2.1.18"
      }
    },
    "underscore": {
      "version": "1.8.3",
      "resolved": "http://r.cnpmjs.org/underscore/download/underscore-1.8.3.tgz",
      "integrity": "sha1-Tz+1OxBuYJf8+ctBCfKl6b36UCI="
    },
    "unpipe": {
      "version": "1.0.0",
      "resolved": "http://r.cnpmjs.org/unpipe/download/unpipe-1.0.0.tgz",
      "integrity": "sha1-sr9O6FFKrmFltIF4KdIbLvSZBOw="
    },
    "utils-merge": {
      "version": "1.0.1",
      "resolved": "http://r.cnpmjs.org/utils-merge/download/utils-merge-1.0.1.tgz",
      "integrity": "sha1-n5VxD1CiZ5R7LMwSR0HBAoQn5xM="
    },
    "uuid": {
      "version": "3.2.1",
      "resolved": "http://r.cnpmjs.org/uuid/download/uuid-3.2.1.tgz",
      "integrity": "sha1-EsUou51Y0LkmXZovbw/ovhf/HxQ="
    },
    "vary": {
      "version": "1.1.2",
      "resolved": "http://r.cnpmjs.org/vary/download/vary-1.1.2.tgz",
      "integrity": "sha1-IpnwLG3tMNSllhsLn3RSShj2NPw="
    },
    "verror": {
      "version": "1.10.0",
      "resolved": "http://r.cnpmjs.org/verror/download/verror-1.10.0.tgz",
      "integrity": "sha1-OhBcoXBTr1XW4nDB+CiGguGNpAA=",
      "requires": {
        "assert-plus": "1.0.0",
        "core-util-is": "1.0.2",
        "extsprintf": "1.3.0"
      }
    },
    "which": {
      "version": "1.3.0",
      "resolved": "http://r.cnpmjs.org/which/download/which-1.3.0.tgz",
      "integrity": "sha1-/wS9/AEO5UfXgL7DjhrBwnd9JTo=",
      "requires": {
        "isexe": "2.0.0"
      }
    },
    "wrappy": {
      "version": "1.0.2",
      "resolved": "http://r.cnpmjs.org/wrappy/download/wrappy-1.0.2.tgz",
      "integrity": "sha1-tSQ9jz7BqjXxNkYFvA0QNuMKtp8="
    }
  }
}
